// !$*UTF8*$!
{
	archiveVersion = 1;
	classes = {
	};
	objectVersion = 55;
	objects = {

/* Begin PBXBuildFile section */
		5E2FE9AD28743B1B00CA6F6F /* HomeViewModel.swift in Sources */ = {isa = PBXBuildFile; fileRef = 5E2FE9AC28743B1B00CA6F6F /* HomeViewModel.swift */; };
		5E2FE9B028743B6E00CA6F6F /* HomeViewModelTests.swift in Sources */ = {isa = PBXBuildFile; fileRef = 5E2FE9AF28743B6E00CA6F6F /* HomeViewModelTests.swift */; };
		5E2FE9B628743DA200CA6F6F /* PlacesAPI.swift in Sources */ = {isa = PBXBuildFile; fileRef = 5E2FE9B528743DA200CA6F6F /* PlacesAPI.swift */; };
		5E2FE9B92874409400CA6F6F /* Place.swift in Sources */ = {isa = PBXBuildFile; fileRef = 5E2FE9B82874409400CA6F6F /* Place.swift */; };
		5E2FE9BE287456E700CA6F6F /* ServiceError.swift in Sources */ = {isa = PBXBuildFile; fileRef = 5E2FE9BD287456E600CA6F6F /* ServiceError.swift */; };
		5E2FE9C0287471AF00CA6F6F /* NetworkProtocol.swift in Sources */ = {isa = PBXBuildFile; fileRef = 5E2FE9BF287471AF00CA6F6F /* NetworkProtocol.swift */; };
		5E2FE9C32874786F00CA6F6F /* MockPlaces.swift in Sources */ = {isa = PBXBuildFile; fileRef = 5E2FE9C22874786F00CA6F6F /* MockPlaces.swift */; };
		5E2FE9C8287487A300CA6F6F /* Network.swift in Sources */ = {isa = PBXBuildFile; fileRef = 5E2FE9C7287487A300CA6F6F /* Network.swift */; };
		5E2FE9CA28748AE000CA6F6F /* PlacesProtocol.swift in Sources */ = {isa = PBXBuildFile; fileRef = 5E2FE9C928748AE000CA6F6F /* PlacesProtocol.swift */; };
		5E3390242874AF700064FFF4 /*  PlacesJSON.swift in Sources */ = {isa = PBXBuildFile; fileRef = 5E3390232874AF700064FFF4 /*  PlacesJSON.swift */; };
		5E3390282874BE560064FFF4 /* PlacesAPITests.swift in Sources */ = {isa = PBXBuildFile; fileRef = 5E3390272874BE560064FFF4 /* PlacesAPITests.swift */; };
		5E33902A2874C0820064FFF4 /* MockNetwork.swift in Sources */ = {isa = PBXBuildFile; fileRef = 5E3390292874C0820064FFF4 /* MockNetwork.swift */; };
		5E85424028783D6800B2584B /* PlacesJSON.swift in Sources */ = {isa = PBXBuildFile; fileRef = 5E85423F28783D6800B2584B /* PlacesJSON.swift */; };
		5EA8D4BC286C82BE00AE85E7 /* AppDelegate.swift in Sources */ = {isa = PBXBuildFile; fileRef = 5EA8D4BB286C82BE00AE85E7 /* AppDelegate.swift */; };
		5EA8D4BE286C82BE00AE85E7 /* SceneDelegate.swift in Sources */ = {isa = PBXBuildFile; fileRef = 5EA8D4BD286C82BE00AE85E7 /* SceneDelegate.swift */; };
		5EA8D4C0286C82BE00AE85E7 /* HomeViewController.swift in Sources */ = {isa = PBXBuildFile; fileRef = 5EA8D4BF286C82BE00AE85E7 /* HomeViewController.swift */; };
		5EA8D4C3286C82BE00AE85E7 /* Main.storyboard in Resources */ = {isa = PBXBuildFile; fileRef = 5EA8D4C1286C82BE00AE85E7 /* Main.storyboard */; };
		5EA8D4C6286C82BE00AE85E7 /* noGlu.xcdatamodeld in Sources */ = {isa = PBXBuildFile; fileRef = 5EA8D4C4286C82BE00AE85E7 /* noGlu.xcdatamodeld */; };
		5EA8D4C8286C82C100AE85E7 /* Assets.xcassets in Resources */ = {isa = PBXBuildFile; fileRef = 5EA8D4C7286C82C100AE85E7 /* Assets.xcassets */; };
		5EA8D4CB286C82C100AE85E7 /* LaunchScreen.storyboard in Resources */ = {isa = PBXBuildFile; fileRef = 5EA8D4C9286C82C100AE85E7 /* LaunchScreen.storyboard */; };
		5EABF02C286DCFF00005494C /* SearchDelegate.swift in Sources */ = {isa = PBXBuildFile; fileRef = 5EABF02B286DCFF00005494C /* SearchDelegate.swift */; };
		5ED5026C286E184D00144D86 /* ResultDataSource.swift in Sources */ = {isa = PBXBuildFile; fileRef = 5ED5026B286E184D00144D86 /* ResultDataSource.swift */; };
		5ED5026E286E408E00144D86 /* ResultTableViewCell.swift in Sources */ = {isa = PBXBuildFile; fileRef = 5ED5026D286E408E00144D86 /* ResultTableViewCell.swift */; };
		5EEC36052879A121005C927B /* ResultCellViewModel.swift in Sources */ = {isa = PBXBuildFile; fileRef = 5EEC36042879A121005C927B /* ResultCellViewModel.swift */; };
		5EEC36032878AC54005C927B /* Reachability.swift in Sources */ = {isa = PBXBuildFile; fileRef = 5EEC36022878AC54005C927B /* Reachability.swift */; };
/* End PBXBuildFile section */

/* Begin PBXContainerItemProxy section */
		5EA8D4D2286C82C100AE85E7 /* PBXContainerItemProxy */ = {
			isa = PBXContainerItemProxy;
			containerPortal = 5EA8D4B0286C82BD00AE85E7 /* Project object */;
			proxyType = 1;
			remoteGlobalIDString = 5EA8D4B7286C82BE00AE85E7;
			remoteInfo = noGlu;
		};
/* End PBXContainerItemProxy section */

/* Begin PBXFileReference section */
		5E2FE9AC28743B1B00CA6F6F /* HomeViewModel.swift */ = {isa = PBXFileReference; lastKnownFileType = sourcecode.swift; path = HomeViewModel.swift; sourceTree = "<group>"; };
		5E2FE9AF28743B6E00CA6F6F /* HomeViewModelTests.swift */ = {isa = PBXFileReference; lastKnownFileType = sourcecode.swift; path = HomeViewModelTests.swift; sourceTree = "<group>"; };
		5E2FE9B528743DA200CA6F6F /* PlacesAPI.swift */ = {isa = PBXFileReference; lastKnownFileType = sourcecode.swift; path = PlacesAPI.swift; sourceTree = "<group>"; };
		5E2FE9B82874409400CA6F6F /* Place.swift */ = {isa = PBXFileReference; lastKnownFileType = sourcecode.swift; path = Place.swift; sourceTree = "<group>"; };
		5E2FE9BD287456E600CA6F6F /* ServiceError.swift */ = {isa = PBXFileReference; lastKnownFileType = sourcecode.swift; path = ServiceError.swift; sourceTree = "<group>"; };
		5E2FE9BF287471AF00CA6F6F /* NetworkProtocol.swift */ = {isa = PBXFileReference; lastKnownFileType = sourcecode.swift; path = NetworkProtocol.swift; sourceTree = "<group>"; };
		5E2FE9C22874786F00CA6F6F /* MockPlaces.swift */ = {isa = PBXFileReference; lastKnownFileType = sourcecode.swift; path = MockPlaces.swift; sourceTree = "<group>"; };
		5E2FE9C7287487A300CA6F6F /* Network.swift */ = {isa = PBXFileReference; lastKnownFileType = sourcecode.swift; path = Network.swift; sourceTree = "<group>"; };
		5E2FE9C928748AE000CA6F6F /* PlacesProtocol.swift */ = {isa = PBXFileReference; lastKnownFileType = sourcecode.swift; path = PlacesProtocol.swift; sourceTree = "<group>"; };
		5E3390232874AF700064FFF4 /*  PlacesJSON.swift */ = {isa = PBXFileReference; lastKnownFileType = sourcecode.swift; path = " PlacesJSON.swift"; sourceTree = "<group>"; };
		5E3390272874BE560064FFF4 /* PlacesAPITests.swift */ = {isa = PBXFileReference; lastKnownFileType = sourcecode.swift; path = PlacesAPITests.swift; sourceTree = "<group>"; };
		5E3390292874C0820064FFF4 /* MockNetwork.swift */ = {isa = PBXFileReference; lastKnownFileType = sourcecode.swift; path = MockNetwork.swift; sourceTree = "<group>"; };
		5E85423F28783D6800B2584B /* PlacesJSON.swift */ = {isa = PBXFileReference; lastKnownFileType = sourcecode.swift; path = PlacesJSON.swift; sourceTree = "<group>"; };
		5EA8D4B8286C82BE00AE85E7 /* noGlu.app */ = {isa = PBXFileReference; explicitFileType = wrapper.application; includeInIndex = 0; path = noGlu.app; sourceTree = BUILT_PRODUCTS_DIR; };
		5EA8D4BB286C82BE00AE85E7 /* AppDelegate.swift */ = {isa = PBXFileReference; lastKnownFileType = sourcecode.swift; path = AppDelegate.swift; sourceTree = "<group>"; };
		5EA8D4BD286C82BE00AE85E7 /* SceneDelegate.swift */ = {isa = PBXFileReference; lastKnownFileType = sourcecode.swift; path = SceneDelegate.swift; sourceTree = "<group>"; };
		5EA8D4BF286C82BE00AE85E7 /* HomeViewController.swift */ = {isa = PBXFileReference; lastKnownFileType = sourcecode.swift; path = HomeViewController.swift; sourceTree = "<group>"; };
		5EA8D4C2286C82BE00AE85E7 /* Base */ = {isa = PBXFileReference; lastKnownFileType = file.storyboard; name = Base; path = Base.lproj/Main.storyboard; sourceTree = "<group>"; };
		5EA8D4C5286C82BE00AE85E7 /* noGlu.xcdatamodel */ = {isa = PBXFileReference; lastKnownFileType = wrapper.xcdatamodel; path = noGlu.xcdatamodel; sourceTree = "<group>"; };
		5EA8D4C7286C82C100AE85E7 /* Assets.xcassets */ = {isa = PBXFileReference; lastKnownFileType = folder.assetcatalog; path = Assets.xcassets; sourceTree = "<group>"; };
		5EA8D4CA286C82C100AE85E7 /* Base */ = {isa = PBXFileReference; lastKnownFileType = file.storyboard; name = Base; path = Base.lproj/LaunchScreen.storyboard; sourceTree = "<group>"; };
		5EA8D4CC286C82C100AE85E7 /* Info.plist */ = {isa = PBXFileReference; lastKnownFileType = text.plist.xml; path = Info.plist; sourceTree = "<group>"; };
		5EA8D4D1286C82C100AE85E7 /* noGluTests.xctest */ = {isa = PBXFileReference; explicitFileType = wrapper.cfbundle; includeInIndex = 0; path = noGluTests.xctest; sourceTree = BUILT_PRODUCTS_DIR; };
		5EABF02B286DCFF00005494C /* SearchDelegate.swift */ = {isa = PBXFileReference; lastKnownFileType = sourcecode.swift; path = SearchDelegate.swift; sourceTree = "<group>"; };
		5ED5026B286E184D00144D86 /* ResultDataSource.swift */ = {isa = PBXFileReference; lastKnownFileType = sourcecode.swift; path = ResultDataSource.swift; sourceTree = "<group>"; };
		5ED5026D286E408E00144D86 /* ResultTableViewCell.swift */ = {isa = PBXFileReference; lastKnownFileType = sourcecode.swift; path = ResultTableViewCell.swift; sourceTree = "<group>"; };
		5EEC36042879A121005C927B /* ResultCellViewModel.swift */ = {isa = PBXFileReference; lastKnownFileType = sourcecode.swift; path = ResultCellViewModel.swift; sourceTree = "<group>"; };
		5EEC36022878AC54005C927B /* Reachability.swift */ = {isa = PBXFileReference; lastKnownFileType = sourcecode.swift; path = Reachability.swift; sourceTree = "<group>"; };
/* End PBXFileReference section */

/* Begin PBXFrameworksBuildPhase section */
		5EA8D4B5286C82BE00AE85E7 /* Frameworks */ = {
			isa = PBXFrameworksBuildPhase;
			buildActionMask = 2147483647;
			files = (
			);
			runOnlyForDeploymentPostprocessing = 0;
		};
		5EA8D4CE286C82C100AE85E7 /* Frameworks */ = {
			isa = PBXFrameworksBuildPhase;
			buildActionMask = 2147483647;
			files = (
			);
			runOnlyForDeploymentPostprocessing = 0;
		};
/* End PBXFrameworksBuildPhase section */

/* Begin PBXGroup section */
		5E2FE9AE28743B4800CA6F6F /* Home */ = {
			isa = PBXGroup;
			children = (
				5E2FE9AF28743B6E00CA6F6F /* HomeViewModelTests.swift */,
			);
			path = Home;
			sourceTree = "<group>";
		};
		5E2FE9B128743C9400CA6F6F /* Service */ = {
			isa = PBXGroup;
			children = (
				5E2FE9C62874877100CA6F6F /* Network */,
				5E2FE9BC287456CC00CA6F6F /* Error */,
				5E2FE9B72874408200CA6F6F /* Response */,
				5E2FE9B228743CE500CA6F6F /* PlacesAPI */,
			);
			path = Service;
			sourceTree = "<group>";
		};
		5E2FE9B228743CE500CA6F6F /* PlacesAPI */ = {
			isa = PBXGroup;
			children = (
				5E2FE9B528743DA200CA6F6F /* PlacesAPI.swift */,
				5E2FE9C928748AE000CA6F6F /* PlacesProtocol.swift */,
				5E85423F28783D6800B2584B /* PlacesJSON.swift */,
			);
			path = PlacesAPI;
			sourceTree = "<group>";
		};
		5E2FE9B72874408200CA6F6F /* Response */ = {
			isa = PBXGroup;
			children = (
				5E2FE9B82874409400CA6F6F /* Place.swift */,
			);
			path = Response;
			sourceTree = "<group>";
		};
		5E2FE9BC287456CC00CA6F6F /* Error */ = {
			isa = PBXGroup;
			children = (
				5E2FE9BD287456E600CA6F6F /* ServiceError.swift */,
			);
			path = Error;
			sourceTree = "<group>";
		};
		5E2FE9C1287477FE00CA6F6F /* Mocks */ = {
			isa = PBXGroup;
			children = (
				5E2FE9C22874786F00CA6F6F /* MockPlaces.swift */,
				5E3390232874AF700064FFF4 /*  PlacesJSON.swift */,
				5E3390292874C0820064FFF4 /* MockNetwork.swift */,
			);
			path = Mocks;
			sourceTree = "<group>";
		};
		5E2FE9C62874877100CA6F6F /* Network */ = {
			isa = PBXGroup;
			children = (
				5E2FE9BF287471AF00CA6F6F /* NetworkProtocol.swift */,
				5E2FE9C7287487A300CA6F6F /* Network.swift */,
			);
			path = Network;
			sourceTree = "<group>";
		};
		5E3390252874BCDE0064FFF4 /* Service */ = {
			isa = PBXGroup;
			children = (
				5E3390262874BCF90064FFF4 /* PlacesAPI */,
			);
			path = Service;
			sourceTree = "<group>";
		};
		5E3390262874BCF90064FFF4 /* PlacesAPI */ = {
			isa = PBXGroup;
			children = (
				5E3390272874BE560064FFF4 /* PlacesAPITests.swift */,
			);
			path = PlacesAPI;
			sourceTree = "<group>";
		};
		5EA8D4AF286C82BD00AE85E7 = {
			isa = PBXGroup;
			children = (
				5EA8D4BA286C82BE00AE85E7 /* noGlu */,
				5EA8D4D4286C82C100AE85E7 /* noGluTests */,
				5EA8D4B9286C82BE00AE85E7 /* Products */,
			);
			sourceTree = "<group>";
		};
		5EA8D4B9286C82BE00AE85E7 /* Products */ = {
			isa = PBXGroup;
			children = (
				5EA8D4B8286C82BE00AE85E7 /* noGlu.app */,
				5EA8D4D1286C82C100AE85E7 /* noGluTests.xctest */,
			);
			name = Products;
			sourceTree = "<group>";
		};
		5EA8D4BA286C82BE00AE85E7 /* noGlu */ = {
			isa = PBXGroup;
			children = (
				5EEC36012878ABC4005C927B /* Networking */,
				5EA8D4BB286C82BE00AE85E7 /* AppDelegate.swift */,
				5EA8D4BD286C82BE00AE85E7 /* SceneDelegate.swift */,
				5EABF02D286DFE0A0005494C /* Components */,
				5EABF02A286DCF970005494C /* Home */,
				5E2FE9B128743C9400CA6F6F /* Service */,
				5EA8D4C1286C82BE00AE85E7 /* Main.storyboard */,
				5EA8D4C7286C82C100AE85E7 /* Assets.xcassets */,
				5EA8D4C9286C82C100AE85E7 /* LaunchScreen.storyboard */,
				5EA8D4CC286C82C100AE85E7 /* Info.plist */,
				5EA8D4C4286C82BE00AE85E7 /* noGlu.xcdatamodeld */,
			);
			path = noGlu;
			sourceTree = "<group>";
		};
		5EA8D4D4286C82C100AE85E7 /* noGluTests */ = {
			isa = PBXGroup;
			children = (
				5E3390252874BCDE0064FFF4 /* Service */,
				5E2FE9C1287477FE00CA6F6F /* Mocks */,
				5E2FE9AE28743B4800CA6F6F /* Home */,
			);
			path = noGluTests;
			sourceTree = "<group>";
		};
		5EABF02A286DCF970005494C /* Home */ = {
			isa = PBXGroup;
			children = (
				5EA8D4BF286C82BE00AE85E7 /* HomeViewController.swift */,
				5E2FE9AC28743B1B00CA6F6F /* HomeViewModel.swift */,
			);
			path = Home;
			sourceTree = "<group>";
		};
		5EABF02D286DFE0A0005494C /* Components */ = {
			isa = PBXGroup;
			children = (
				5ED5026A286E181200144D86 /* Table View */,
				5EABF02E286DFE140005494C /* Search Bar */,
			);
			path = Components;
			sourceTree = "<group>";
		};
		5EABF02E286DFE140005494C /* Search Bar */ = {
			isa = PBXGroup;
			children = (
				5EABF02B286DCFF00005494C /* SearchDelegate.swift */,
			);
			path = "Search Bar";
			sourceTree = "<group>";
		};
		5ED5026A286E181200144D86 /* Table View */ = {
			isa = PBXGroup;
			children = (
				5ED5026B286E184D00144D86 /* ResultDataSource.swift */,
				5ED5026D286E408E00144D86 /* ResultTableViewCell.swift */,
				5EEC36042879A121005C927B /* ResultCellViewModel.swift */,
			);
			path = "Table View";
			sourceTree = "<group>";
		};
		5EEC36012878ABC4005C927B /* Networking */ = {
			isa = PBXGroup;
			children = (
				5EEC36022878AC54005C927B /* Reachability.swift */,
			);
			path = Networking;
			sourceTree = "<group>";
		};
/* End PBXGroup section */

/* Begin PBXNativeTarget section */
		5EA8D4B7286C82BE00AE85E7 /* noGlu */ = {
			isa = PBXNativeTarget;
			buildConfigurationList = 5EA8D4E5286C82C100AE85E7 /* Build configuration list for PBXNativeTarget "noGlu" */;
			buildPhases = (
				5EA8D4B4286C82BE00AE85E7 /* Sources */,
				5EA8D4B5286C82BE00AE85E7 /* Frameworks */,
				5EA8D4B6286C82BE00AE85E7 /* Resources */,
				5EA8D4EE286CAA1200AE85E7 /* ShellScript */,
			);
			buildRules = (
			);
			dependencies = (
			);
			name = noGlu;
			productName = noGlu;
			productReference = 5EA8D4B8286C82BE00AE85E7 /* noGlu.app */;
			productType = "com.apple.product-type.application";
		};
		5EA8D4D0286C82C100AE85E7 /* noGluTests */ = {
			isa = PBXNativeTarget;
			buildConfigurationList = 5EA8D4E8286C82C100AE85E7 /* Build configuration list for PBXNativeTarget "noGluTests" */;
			buildPhases = (
				5EA8D4CD286C82C100AE85E7 /* Sources */,
				5EA8D4CE286C82C100AE85E7 /* Frameworks */,
				5EA8D4CF286C82C100AE85E7 /* Resources */,
			);
			buildRules = (
			);
			dependencies = (
				5EA8D4D3286C82C100AE85E7 /* PBXTargetDependency */,
			);
			name = noGluTests;
			productName = noGluTests;
			productReference = 5EA8D4D1286C82C100AE85E7 /* noGluTests.xctest */;
			productType = "com.apple.product-type.bundle.unit-test";
		};
/* End PBXNativeTarget section */

/* Begin PBXProject section */
		5EA8D4B0286C82BD00AE85E7 /* Project object */ = {
			isa = PBXProject;
			attributes = {
				BuildIndependentTargetsInParallel = 1;
				LastSwiftUpdateCheck = 1330;
				LastUpgradeCheck = 1330;
				TargetAttributes = {
					5EA8D4B7286C82BE00AE85E7 = {
						CreatedOnToolsVersion = 13.3.1;
					};
					5EA8D4D0286C82C100AE85E7 = {
						CreatedOnToolsVersion = 13.3.1;
						LastSwiftMigration = 1330;
						TestTargetID = 5EA8D4B7286C82BE00AE85E7;
					};
				};
			};
			buildConfigurationList = 5EA8D4B3286C82BD00AE85E7 /* Build configuration list for PBXProject "noGlu" */;
			compatibilityVersion = "Xcode 13.0";
			developmentRegion = en;
			hasScannedForEncodings = 0;
			knownRegions = (
				en,
				Base,
			);
			mainGroup = 5EA8D4AF286C82BD00AE85E7;
			productRefGroup = 5EA8D4B9286C82BE00AE85E7 /* Products */;
			projectDirPath = "";
			projectRoot = "";
			targets = (
				5EA8D4B7286C82BE00AE85E7 /* noGlu */,
				5EA8D4D0286C82C100AE85E7 /* noGluTests */,
			);
		};
/* End PBXProject section */

/* Begin PBXResourcesBuildPhase section */
		5EA8D4B6286C82BE00AE85E7 /* Resources */ = {
			isa = PBXResourcesBuildPhase;
			buildActionMask = 2147483647;
			files = (
				5EA8D4CB286C82C100AE85E7 /* LaunchScreen.storyboard in Resources */,
				5EA8D4C8286C82C100AE85E7 /* Assets.xcassets in Resources */,
				5EA8D4C3286C82BE00AE85E7 /* Main.storyboard in Resources */,
			);
			runOnlyForDeploymentPostprocessing = 0;
		};
		5EA8D4CF286C82C100AE85E7 /* Resources */ = {
			isa = PBXResourcesBuildPhase;
			buildActionMask = 2147483647;
			files = (
			);
			runOnlyForDeploymentPostprocessing = 0;
		};
/* End PBXResourcesBuildPhase section */

/* Begin PBXShellScriptBuildPhase section */
		5EA8D4EE286CAA1200AE85E7 /* ShellScript */ = {
			isa = PBXShellScriptBuildPhase;
			buildActionMask = 2147483647;
			files = (
			);
			inputFileListPaths = (
			);
			inputPaths = (
			);
			outputFileListPaths = (
			);
			outputPaths = (
			);
			runOnlyForDeploymentPostprocessing = 0;
			shellPath = /bin/sh;
			shellScript = "export PATH=\"$PATH:/opt/homebrew/bin\"\nif which swiftlint > /dev/null; then\n  swiftlint\nelse\n  echo \"warning: SwiftLint not installed, download from https://github.com/realm/SwiftLint\"\nfi\n";
		};
/* End PBXShellScriptBuildPhase section */

/* Begin PBXSourcesBuildPhase section */
		5EA8D4B4286C82BE00AE85E7 /* Sources */ = {
			isa = PBXSourcesBuildPhase;
			buildActionMask = 2147483647;
			files = (
				5EA8D4C0286C82BE00AE85E7 /* HomeViewController.swift in Sources */,
				5E2FE9C0287471AF00CA6F6F /* NetworkProtocol.swift in Sources */,
				5EA8D4BC286C82BE00AE85E7 /* AppDelegate.swift in Sources */,
				5ED5026E286E408E00144D86 /* ResultTableViewCell.swift in Sources */,
				5E2FE9AD28743B1B00CA6F6F /* HomeViewModel.swift in Sources */,
				5EABF02C286DCFF00005494C /* SearchDelegate.swift in Sources */,
				5EA8D4BE286C82BE00AE85E7 /* SceneDelegate.swift in Sources */,
				5EA8D4C6286C82BE00AE85E7 /* noGlu.xcdatamodeld in Sources */,
				5EEC36032878AC54005C927B /* Reachability.swift in Sources */,
				5ED5026C286E184D00144D86 /* ResultDataSource.swift in Sources */,
				5E2FE9B628743DA200CA6F6F /* PlacesAPI.swift in Sources */,
				5E2FE9B92874409400CA6F6F /* Place.swift in Sources */,
				5E2FE9CA28748AE000CA6F6F /* PlacesProtocol.swift in Sources */,
				5E2FE9BE287456E700CA6F6F /* ServiceError.swift in Sources */,
				5E85424028783D6800B2584B /* PlacesJSON.swift in Sources */,
				5E2FE9C8287487A300CA6F6F /* Network.swift in Sources */,
				5EEC36052879A121005C927B /* ResultCellViewModel.swift in Sources */,
			);
			runOnlyForDeploymentPostprocessing = 0;
		};
		5EA8D4CD286C82C100AE85E7 /* Sources */ = {
			isa = PBXSourcesBuildPhase;
			buildActionMask = 2147483647;
			files = (
				5E3390282874BE560064FFF4 /* PlacesAPITests.swift in Sources */,
				5E3390242874AF700064FFF4 /*  PlacesJSON.swift in Sources */,
				5E33902A2874C0820064FFF4 /* MockNetwork.swift in Sources */,
				5E2FE9B028743B6E00CA6F6F /* HomeViewModelTests.swift in Sources */,
				5E2FE9C32874786F00CA6F6F /* MockPlaces.swift in Sources */,
			);
			runOnlyForDeploymentPostprocessing = 0;
		};
/* End PBXSourcesBuildPhase section */

/* Begin PBXTargetDependency section */
		5EA8D4D3286C82C100AE85E7 /* PBXTargetDependency */ = {
			isa = PBXTargetDependency;
			target = 5EA8D4B7286C82BE00AE85E7 /* noGlu */;
			targetProxy = 5EA8D4D2286C82C100AE85E7 /* PBXContainerItemProxy */;
		};
/* End PBXTargetDependency section */

/* Begin PBXVariantGroup section */
		5EA8D4C1286C82BE00AE85E7 /* Main.storyboard */ = {
			isa = PBXVariantGroup;
			children = (
				5EA8D4C2286C82BE00AE85E7 /* Base */,
			);
			name = Main.storyboard;
			sourceTree = "<group>";
		};
		5EA8D4C9286C82C100AE85E7 /* LaunchScreen.storyboard */ = {
			isa = PBXVariantGroup;
			children = (
				5EA8D4CA286C82C100AE85E7 /* Base */,
			);
			name = LaunchScreen.storyboard;
			sourceTree = "<group>";
		};
/* End PBXVariantGroup section */

/* Begin XCBuildConfiguration section */
		5EA8D4E3286C82C100AE85E7 /* Debug */ = {
			isa = XCBuildConfiguration;
			buildSettings = {
				ALWAYS_SEARCH_USER_PATHS = NO;
				CLANG_ANALYZER_NONNULL = YES;
				CLANG_ANALYZER_NUMBER_OBJECT_CONVERSION = YES_AGGRESSIVE;
				CLANG_CXX_LANGUAGE_STANDARD = "gnu++17";
				CLANG_ENABLE_MODULES = YES;
				CLANG_ENABLE_OBJC_ARC = YES;
				CLANG_ENABLE_OBJC_WEAK = YES;
				CLANG_WARN_BLOCK_CAPTURE_AUTORELEASING = YES;
				CLANG_WARN_BOOL_CONVERSION = YES;
				CLANG_WARN_COMMA = YES;
				CLANG_WARN_CONSTANT_CONVERSION = YES;
				CLANG_WARN_DEPRECATED_OBJC_IMPLEMENTATIONS = YES;
				CLANG_WARN_DIRECT_OBJC_ISA_USAGE = YES_ERROR;
				CLANG_WARN_DOCUMENTATION_COMMENTS = YES;
				CLANG_WARN_EMPTY_BODY = YES;
				CLANG_WARN_ENUM_CONVERSION = YES;
				CLANG_WARN_INFINITE_RECURSION = YES;
				CLANG_WARN_INT_CONVERSION = YES;
				CLANG_WARN_NON_LITERAL_NULL_CONVERSION = YES;
				CLANG_WARN_OBJC_IMPLICIT_RETAIN_SELF = YES;
				CLANG_WARN_OBJC_LITERAL_CONVERSION = YES;
				CLANG_WARN_OBJC_ROOT_CLASS = YES_ERROR;
				CLANG_WARN_QUOTED_INCLUDE_IN_FRAMEWORK_HEADER = YES;
				CLANG_WARN_RANGE_LOOP_ANALYSIS = YES;
				CLANG_WARN_STRICT_PROTOTYPES = YES;
				CLANG_WARN_SUSPICIOUS_MOVE = YES;
				CLANG_WARN_UNGUARDED_AVAILABILITY = YES_AGGRESSIVE;
				CLANG_WARN_UNREACHABLE_CODE = YES;
				CLANG_WARN__DUPLICATE_METHOD_MATCH = YES;
				COPY_PHASE_STRIP = NO;
				DEBUG_INFORMATION_FORMAT = dwarf;
				ENABLE_STRICT_OBJC_MSGSEND = YES;
				ENABLE_TESTABILITY = YES;
				GCC_C_LANGUAGE_STANDARD = gnu11;
				GCC_DYNAMIC_NO_PIC = NO;
				GCC_NO_COMMON_BLOCKS = YES;
				GCC_OPTIMIZATION_LEVEL = 0;
				GCC_PREPROCESSOR_DEFINITIONS = (
					"DEBUG=1",
					"$(inherited)",
				);
				GCC_WARN_64_TO_32_BIT_CONVERSION = YES;
				GCC_WARN_ABOUT_RETURN_TYPE = YES_ERROR;
				GCC_WARN_UNDECLARED_SELECTOR = YES;
				GCC_WARN_UNINITIALIZED_AUTOS = YES_AGGRESSIVE;
				GCC_WARN_UNUSED_FUNCTION = YES;
				GCC_WARN_UNUSED_VARIABLE = YES;
				IPHONEOS_DEPLOYMENT_TARGET = 15.0;
				MTL_ENABLE_DEBUG_INFO = INCLUDE_SOURCE;
				MTL_FAST_MATH = YES;
				ONLY_ACTIVE_ARCH = YES;
				SDKROOT = iphoneos;
				SWIFT_ACTIVE_COMPILATION_CONDITIONS = DEBUG;
				SWIFT_OPTIMIZATION_LEVEL = "-Onone";
			};
			name = Debug;
		};
		5EA8D4E4286C82C100AE85E7 /* Release */ = {
			isa = XCBuildConfiguration;
			buildSettings = {
				ALWAYS_SEARCH_USER_PATHS = NO;
				CLANG_ANALYZER_NONNULL = YES;
				CLANG_ANALYZER_NUMBER_OBJECT_CONVERSION = YES_AGGRESSIVE;
				CLANG_CXX_LANGUAGE_STANDARD = "gnu++17";
				CLANG_ENABLE_MODULES = YES;
				CLANG_ENABLE_OBJC_ARC = YES;
				CLANG_ENABLE_OBJC_WEAK = YES;
				CLANG_WARN_BLOCK_CAPTURE_AUTORELEASING = YES;
				CLANG_WARN_BOOL_CONVERSION = YES;
				CLANG_WARN_COMMA = YES;
				CLANG_WARN_CONSTANT_CONVERSION = YES;
				CLANG_WARN_DEPRECATED_OBJC_IMPLEMENTATIONS = YES;
				CLANG_WARN_DIRECT_OBJC_ISA_USAGE = YES_ERROR;
				CLANG_WARN_DOCUMENTATION_COMMENTS = YES;
				CLANG_WARN_EMPTY_BODY = YES;
				CLANG_WARN_ENUM_CONVERSION = YES;
				CLANG_WARN_INFINITE_RECURSION = YES;
				CLANG_WARN_INT_CONVERSION = YES;
				CLANG_WARN_NON_LITERAL_NULL_CONVERSION = YES;
				CLANG_WARN_OBJC_IMPLICIT_RETAIN_SELF = YES;
				CLANG_WARN_OBJC_LITERAL_CONVERSION = YES;
				CLANG_WARN_OBJC_ROOT_CLASS = YES_ERROR;
				CLANG_WARN_QUOTED_INCLUDE_IN_FRAMEWORK_HEADER = YES;
				CLANG_WARN_RANGE_LOOP_ANALYSIS = YES;
				CLANG_WARN_STRICT_PROTOTYPES = YES;
				CLANG_WARN_SUSPICIOUS_MOVE = YES;
				CLANG_WARN_UNGUARDED_AVAILABILITY = YES_AGGRESSIVE;
				CLANG_WARN_UNREACHABLE_CODE = YES;
				CLANG_WARN__DUPLICATE_METHOD_MATCH = YES;
				COPY_PHASE_STRIP = NO;
				DEBUG_INFORMATION_FORMAT = "dwarf-with-dsym";
				ENABLE_NS_ASSERTIONS = NO;
				ENABLE_STRICT_OBJC_MSGSEND = YES;
				GCC_C_LANGUAGE_STANDARD = gnu11;
				GCC_NO_COMMON_BLOCKS = YES;
				GCC_WARN_64_TO_32_BIT_CONVERSION = YES;
				GCC_WARN_ABOUT_RETURN_TYPE = YES_ERROR;
				GCC_WARN_UNDECLARED_SELECTOR = YES;
				GCC_WARN_UNINITIALIZED_AUTOS = YES_AGGRESSIVE;
				GCC_WARN_UNUSED_FUNCTION = YES;
				GCC_WARN_UNUSED_VARIABLE = YES;
				IPHONEOS_DEPLOYMENT_TARGET = 15.0;
				MTL_ENABLE_DEBUG_INFO = NO;
				MTL_FAST_MATH = YES;
				SDKROOT = iphoneos;
				SWIFT_COMPILATION_MODE = wholemodule;
				SWIFT_OPTIMIZATION_LEVEL = "-O";
				VALIDATE_PRODUCT = YES;
			};
			name = Release;
		};
		5EA8D4E6286C82C100AE85E7 /* Debug */ = {
			isa = XCBuildConfiguration;
			buildSettings = {
				ASSETCATALOG_COMPILER_APPICON_NAME = AppIcon;
				ASSETCATALOG_COMPILER_GLOBAL_ACCENT_COLOR_NAME = AccentColor;
				CODE_SIGN_STYLE = Automatic;
				CURRENT_PROJECT_VERSION = 1;
				DEVELOPMENT_TEAM = 6GU6D4AYLD;
				GENERATE_INFOPLIST_FILE = YES;
				INFOPLIST_FILE = noGlu/Info.plist;
				INFOPLIST_KEY_UIApplicationSupportsIndirectInputEvents = YES;
				INFOPLIST_KEY_UILaunchStoryboardName = LaunchScreen;
				INFOPLIST_KEY_UIMainStoryboardFile = Main;
				INFOPLIST_KEY_UISupportedInterfaceOrientations_iPad = "UIInterfaceOrientationPortrait UIInterfaceOrientationPortraitUpsideDown UIInterfaceOrientationLandscapeLeft UIInterfaceOrientationLandscapeRight";
				INFOPLIST_KEY_UISupportedInterfaceOrientations_iPhone = "UIInterfaceOrientationPortrait UIInterfaceOrientationLandscapeLeft UIInterfaceOrientationLandscapeRight";
				IPHONEOS_DEPLOYMENT_TARGET = 15.0;
				LD_RUNPATH_SEARCH_PATHS = (
					"$(inherited)",
					"@executable_path/Frameworks",
				);
				MARKETING_VERSION = 1.0;
				PRODUCT_BUNDLE_IDENTIFIER = bbencardino.noGlu;
				PRODUCT_NAME = "$(TARGET_NAME)";
				SWIFT_EMIT_LOC_STRINGS = YES;
				SWIFT_VERSION = 5.0;
				TARGETED_DEVICE_FAMILY = "1,2";
			};
			name = Debug;
		};
		5EA8D4E7286C82C100AE85E7 /* Release */ = {
			isa = XCBuildConfiguration;
			buildSettings = {
				ASSETCATALOG_COMPILER_APPICON_NAME = AppIcon;
				ASSETCATALOG_COMPILER_GLOBAL_ACCENT_COLOR_NAME = AccentColor;
				CODE_SIGN_STYLE = Automatic;
				CURRENT_PROJECT_VERSION = 1;
				DEVELOPMENT_TEAM = 6GU6D4AYLD;
				GENERATE_INFOPLIST_FILE = YES;
				INFOPLIST_FILE = noGlu/Info.plist;
				INFOPLIST_KEY_UIApplicationSupportsIndirectInputEvents = YES;
				INFOPLIST_KEY_UILaunchStoryboardName = LaunchScreen;
				INFOPLIST_KEY_UIMainStoryboardFile = Main;
				INFOPLIST_KEY_UISupportedInterfaceOrientations_iPad = "UIInterfaceOrientationPortrait UIInterfaceOrientationPortraitUpsideDown UIInterfaceOrientationLandscapeLeft UIInterfaceOrientationLandscapeRight";
				INFOPLIST_KEY_UISupportedInterfaceOrientations_iPhone = "UIInterfaceOrientationPortrait UIInterfaceOrientationLandscapeLeft UIInterfaceOrientationLandscapeRight";
				IPHONEOS_DEPLOYMENT_TARGET = 15.0;
				LD_RUNPATH_SEARCH_PATHS = (
					"$(inherited)",
					"@executable_path/Frameworks",
				);
				MARKETING_VERSION = 1.0;
				PRODUCT_BUNDLE_IDENTIFIER = bbencardino.noGlu;
				PRODUCT_NAME = "$(TARGET_NAME)";
				SWIFT_EMIT_LOC_STRINGS = YES;
				SWIFT_VERSION = 5.0;
				TARGETED_DEVICE_FAMILY = "1,2";
			};
			name = Release;
		};
		5EA8D4E9286C82C100AE85E7 /* Debug */ = {
			isa = XCBuildConfiguration;
			buildSettings = {
				ALWAYS_EMBED_SWIFT_STANDARD_LIBRARIES = YES;
				BUNDLE_LOADER = "$(TEST_HOST)";
				CLANG_ENABLE_MODULES = YES;
				CODE_SIGN_STYLE = Automatic;
				CURRENT_PROJECT_VERSION = 1;
				GENERATE_INFOPLIST_FILE = YES;
				IPHONEOS_DEPLOYMENT_TARGET = 15.4;
				LD_RUNPATH_SEARCH_PATHS = (
					"$(inherited)",
					"@executable_path/Frameworks",
					"@loader_path/Frameworks",
				);
				MARKETING_VERSION = 1.0;
				PRODUCT_BUNDLE_IDENTIFIER = bbencardino.noGluTests;
				PRODUCT_NAME = "$(TARGET_NAME)";
				SWIFT_EMIT_LOC_STRINGS = NO;
				SWIFT_OPTIMIZATION_LEVEL = "-Onone";
				SWIFT_VERSION = 5.0;
				TARGETED_DEVICE_FAMILY = "1,2";
				TEST_HOST = "$(BUILT_PRODUCTS_DIR)/noGlu.app/noGlu";
			};
			name = Debug;
		};
		5EA8D4EA286C82C100AE85E7 /* Release */ = {
			isa = XCBuildConfiguration;
			buildSettings = {
				ALWAYS_EMBED_SWIFT_STANDARD_LIBRARIES = YES;
				BUNDLE_LOADER = "$(TEST_HOST)";
				CLANG_ENABLE_MODULES = YES;
				CODE_SIGN_STYLE = Automatic;
				CURRENT_PROJECT_VERSION = 1;
				GENERATE_INFOPLIST_FILE = YES;
				IPHONEOS_DEPLOYMENT_TARGET = 15.4;
				LD_RUNPATH_SEARCH_PATHS = (
					"$(inherited)",
					"@executable_path/Frameworks",
					"@loader_path/Frameworks",
				);
				MARKETING_VERSION = 1.0;
				PRODUCT_BUNDLE_IDENTIFIER = bbencardino.noGluTests;
				PRODUCT_NAME = "$(TARGET_NAME)";
				SWIFT_EMIT_LOC_STRINGS = NO;
				SWIFT_VERSION = 5.0;
				TARGETED_DEVICE_FAMILY = "1,2";
				TEST_HOST = "$(BUILT_PRODUCTS_DIR)/noGlu.app/noGlu";
			};
			name = Release;
		};
/* End XCBuildConfiguration section */

/* Begin XCConfigurationList section */
		5EA8D4B3286C82BD00AE85E7 /* Build configuration list for PBXProject "noGlu" */ = {
			isa = XCConfigurationList;
			buildConfigurations = (
				5EA8D4E3286C82C100AE85E7 /* Debug */,
				5EA8D4E4286C82C100AE85E7 /* Release */,
			);
			defaultConfigurationIsVisible = 0;
			defaultConfigurationName = Release;
		};
		5EA8D4E5286C82C100AE85E7 /* Build configuration list for PBXNativeTarget "noGlu" */ = {
			isa = XCConfigurationList;
			buildConfigurations = (
				5EA8D4E6286C82C100AE85E7 /* Debug */,
				5EA8D4E7286C82C100AE85E7 /* Release */,
			);
			defaultConfigurationIsVisible = 0;
			defaultConfigurationName = Release;
		};
		5EA8D4E8286C82C100AE85E7 /* Build configuration list for PBXNativeTarget "noGluTests" */ = {
			isa = XCConfigurationList;
			buildConfigurations = (
				5EA8D4E9286C82C100AE85E7 /* Debug */,
				5EA8D4EA286C82C100AE85E7 /* Release */,
			);
			defaultConfigurationIsVisible = 0;
			defaultConfigurationName = Release;
		};
/* End XCConfigurationList section */

/* Begin XCVersionGroup section */
		5EA8D4C4286C82BE00AE85E7 /* noGlu.xcdatamodeld */ = {
			isa = XCVersionGroup;
			children = (
				5EA8D4C5286C82BE00AE85E7 /* noGlu.xcdatamodel */,
			);
			currentVersion = 5EA8D4C5286C82BE00AE85E7 /* noGlu.xcdatamodel */;
			path = noGlu.xcdatamodeld;
			sourceTree = "<group>";
			versionGroupType = wrapper.xcdatamodel;
		};
/* End XCVersionGroup section */
	};
	rootObject = 5EA8D4B0286C82BD00AE85E7 /* Project object */;
}
